// !$*UTF8*$!
{
	archiveVersion = 1;
	classes = {
	};
	objectVersion = 55;
	objects = {

/* Begin PBXBuildFile section */
		AB6701E3285B8B2D00892057 /* CustomSecureField.swift in Sources */ = {isa = PBXBuildFile; fileRef = AB6701E2285B8B2D00892057 /* CustomSecureField.swift */; };
		AB6701E5285B8C8200892057 /* PasswordSecureField.swift in Sources */ = {isa = PBXBuildFile; fileRef = AB6701E4285B8C8200892057 /* PasswordSecureField.swift */; };
		AB6701E7285B91F200892057 /* AuthenticateButtonView.swift in Sources */ = {isa = PBXBuildFile; fileRef = AB6701E6285B91F200892057 /* AuthenticateButtonView.swift */; };
		AB86E83B285B62C10016D165 /* TaskerApp.swift in Sources */ = {isa = PBXBuildFile; fileRef = AB86E83A285B62C10016D165 /* TaskerApp.swift */; };
		AB86E83D285B62C10016D165 /* ContentView.swift in Sources */ = {isa = PBXBuildFile; fileRef = AB86E83C285B62C10016D165 /* ContentView.swift */; };
		AB86E83F285B62C20016D165 /* Assets.xcassets in Resources */ = {isa = PBXBuildFile; fileRef = AB86E83E285B62C20016D165 /* Assets.xcassets */; };
		AB86E842285B62C20016D165 /* Preview Assets.xcassets in Resources */ = {isa = PBXBuildFile; fileRef = AB86E841285B62C20016D165 /* Preview Assets.xcassets */; };
		AB86E84C285B78C40016D165 /* LoginView.swift in Sources */ = {isa = PBXBuildFile; fileRef = AB86E84B285B78C40016D165 /* LoginView.swift */; };
		AB86E850285B79AB0016D165 /* SignupView.swift in Sources */ = {isa = PBXBuildFile; fileRef = AB86E84F285B79AB0016D165 /* SignupView.swift */; };
		AB86E853285B7A9B0016D165 /* BackgroundGradientView.swift in Sources */ = {isa = PBXBuildFile; fileRef = AB86E852285B7A9B0016D165 /* BackgroundGradientView.swift */; };
		AB86E855285B7CB40016D165 /* LogoView.swift in Sources */ = {isa = PBXBuildFile; fileRef = AB86E854285B7CB40016D165 /* LogoView.swift */; };
		AB86E857285B834D0016D165 /* CustomTextField.swift in Sources */ = {isa = PBXBuildFile; fileRef = AB86E856285B834D0016D165 /* CustomTextField.swift */; };
		AB86E85A285B87C40016D165 /* EmailTextField.swift in Sources */ = {isa = PBXBuildFile; fileRef = AB86E859285B87C40016D165 /* EmailTextField.swift */; };
		ABA0F315285F6F5C006AF604 /* FirebaseAnalytics in Frameworks */ = {isa = PBXBuildFile; productRef = ABA0F314285F6F5C006AF604 /* FirebaseAnalytics */; };
		ABA0F317285F6F5C006AF604 /* FirebaseAnalyticsSwift in Frameworks */ = {isa = PBXBuildFile; productRef = ABA0F316285F6F5C006AF604 /* FirebaseAnalyticsSwift */; };
		ABA0F319285F6F5C006AF604 /* FirebaseAuth in Frameworks */ = {isa = PBXBuildFile; productRef = ABA0F318285F6F5C006AF604 /* FirebaseAuth */; };
		ABA0F31B285F6F5C006AF604 /* FirebaseCrashlytics in Frameworks */ = {isa = PBXBuildFile; productRef = ABA0F31A285F6F5C006AF604 /* FirebaseCrashlytics */; };
		ABA0F31D285F6F5C006AF604 /* FirebaseDatabase in Frameworks */ = {isa = PBXBuildFile; productRef = ABA0F31C285F6F5C006AF604 /* FirebaseDatabase */; };
		ABA0F31F285F6F5C006AF604 /* FirebaseDatabaseSwift in Frameworks */ = {isa = PBXBuildFile; productRef = ABA0F31E285F6F5C006AF604 /* FirebaseDatabaseSwift */; };
		ABA0F321285F6F5C006AF604 /* FirebaseFirestore in Frameworks */ = {isa = PBXBuildFile; productRef = ABA0F320285F6F5C006AF604 /* FirebaseFirestore */; };
		ABA0F323285F6F5C006AF604 /* FirebaseFirestoreSwift in Frameworks */ = {isa = PBXBuildFile; productRef = ABA0F322285F6F5C006AF604 /* FirebaseFirestoreSwift */; };
		ABA0F325285F6F5C006AF604 /* FirebaseFunctions in Frameworks */ = {isa = PBXBuildFile; productRef = ABA0F324285F6F5C006AF604 /* FirebaseFunctions */; };
		ABA0F327285F6F5C006AF604 /* FirebaseStorage in Frameworks */ = {isa = PBXBuildFile; productRef = ABA0F326285F6F5C006AF604 /* FirebaseStorage */; };
		ABA0F329285F722D006AF604 /* TODO.swift in Sources */ = {isa = PBXBuildFile; fileRef = ABA0F328285F722D006AF604 /* TODO.swift */; };
		ABA0F32B285F7366006AF604 /* SelectedButton.swift in Sources */ = {isa = PBXBuildFile; fileRef = ABA0F32A285F7366006AF604 /* SelectedButton.swift */; };
		ABA0F32D285F75CE006AF604 /* MockData.swift in Sources */ = {isa = PBXBuildFile; fileRef = ABA0F32C285F75CE006AF604 /* MockData.swift */; };
		ABA0F32F285F7976006AF604 /* GoogleService-Info.plist in Resources */ = {isa = PBXBuildFile; fileRef = ABA0F32E285F7976006AF604 /* GoogleService-Info.plist */; };
		ABC8E9A3285F64A80085BCAF /* FirebaseAnalytics in Frameworks */ = {isa = PBXBuildFile; productRef = ABC8E9A2285F64A80085BCAF /* FirebaseAnalytics */; };
		ABC8E9A5285F64A80085BCAF /* FirebaseAnalyticsSwift in Frameworks */ = {isa = PBXBuildFile; productRef = ABC8E9A4285F64A80085BCAF /* FirebaseAnalyticsSwift */; };
		ABC8E9A7285F64A80085BCAF /* FirebaseAuth in Frameworks */ = {isa = PBXBuildFile; productRef = ABC8E9A6285F64A80085BCAF /* FirebaseAuth */; };
		ABC8E9A9285F64A80085BCAF /* FirebaseCrashlytics in Frameworks */ = {isa = PBXBuildFile; productRef = ABC8E9A8285F64A80085BCAF /* FirebaseCrashlytics */; };
		ABC8E9AB285F64A80085BCAF /* FirebaseDatabase in Frameworks */ = {isa = PBXBuildFile; productRef = ABC8E9AA285F64A80085BCAF /* FirebaseDatabase */; };
		ABC8E9AD285F64A80085BCAF /* FirebaseFirestore in Frameworks */ = {isa = PBXBuildFile; productRef = ABC8E9AC285F64A80085BCAF /* FirebaseFirestore */; };
		ABC8E9AF285F64A80085BCAF /* FirebaseFunctions in Frameworks */ = {isa = PBXBuildFile; productRef = ABC8E9AE285F64A80085BCAF /* FirebaseFunctions */; };
		ABC8E9B1285F64A80085BCAF /* FirebaseStorage in Frameworks */ = {isa = PBXBuildFile; productRef = ABC8E9B0285F64A80085BCAF /* FirebaseStorage */; };
		ABC8E9B4285F6C890085BCAF /* Constants.swift in Sources */ = {isa = PBXBuildFile; fileRef = ABC8E9B3285F6C890085BCAF /* Constants.swift */; };
		ABC8E9B7285F6DB00085BCAF /* AppUser.swift in Sources */ = {isa = PBXBuildFile; fileRef = ABC8E9B6285F6DB00085BCAF /* AppUser.swift */; };
		ABD819DE285E178E0075F5EF /* UserTextField.swift in Sources */ = {isa = PBXBuildFile; fileRef = ABD819DD285E178E0075F5EF /* UserTextField.swift */; };
/* End PBXBuildFile section */

/* Begin PBXFileReference section */
		AB6701E2285B8B2D00892057 /* CustomSecureField.swift */ = {isa = PBXFileReference; lastKnownFileType = sourcecode.swift; path = CustomSecureField.swift; sourceTree = "<group>"; };
		AB6701E4285B8C8200892057 /* PasswordSecureField.swift */ = {isa = PBXFileReference; lastKnownFileType = sourcecode.swift; path = PasswordSecureField.swift; sourceTree = "<group>"; };
		AB6701E6285B91F200892057 /* AuthenticateButtonView.swift */ = {isa = PBXFileReference; lastKnownFileType = sourcecode.swift; path = AuthenticateButtonView.swift; sourceTree = "<group>"; };
		AB86E837285B62C10016D165 /* Tasker.app */ = {isa = PBXFileReference; explicitFileType = wrapper.application; includeInIndex = 0; path = Tasker.app; sourceTree = BUILT_PRODUCTS_DIR; };
		AB86E83A285B62C10016D165 /* TaskerApp.swift */ = {isa = PBXFileReference; lastKnownFileType = sourcecode.swift; path = TaskerApp.swift; sourceTree = "<group>"; };
		AB86E83C285B62C10016D165 /* ContentView.swift */ = {isa = PBXFileReference; lastKnownFileType = sourcecode.swift; path = ContentView.swift; sourceTree = "<group>"; };
		AB86E83E285B62C20016D165 /* Assets.xcassets */ = {isa = PBXFileReference; lastKnownFileType = folder.assetcatalog; path = Assets.xcassets; sourceTree = "<group>"; };
		AB86E841285B62C20016D165 /* Preview Assets.xcassets */ = {isa = PBXFileReference; lastKnownFileType = folder.assetcatalog; path = "Preview Assets.xcassets"; sourceTree = "<group>"; };
		AB86E84B285B78C40016D165 /* LoginView.swift */ = {isa = PBXFileReference; lastKnownFileType = sourcecode.swift; path = LoginView.swift; sourceTree = "<group>"; };
		AB86E84F285B79AB0016D165 /* SignupView.swift */ = {isa = PBXFileReference; lastKnownFileType = sourcecode.swift; path = SignupView.swift; sourceTree = "<group>"; };
		AB86E852285B7A9B0016D165 /* BackgroundGradientView.swift */ = {isa = PBXFileReference; lastKnownFileType = sourcecode.swift; path = BackgroundGradientView.swift; sourceTree = "<group>"; };
		AB86E854285B7CB40016D165 /* LogoView.swift */ = {isa = PBXFileReference; lastKnownFileType = sourcecode.swift; path = LogoView.swift; sourceTree = "<group>"; };
		AB86E856285B834D0016D165 /* CustomTextField.swift */ = {isa = PBXFileReference; lastKnownFileType = sourcecode.swift; path = CustomTextField.swift; sourceTree = "<group>"; };
		AB86E859285B87C40016D165 /* EmailTextField.swift */ = {isa = PBXFileReference; lastKnownFileType = sourcecode.swift; path = EmailTextField.swift; sourceTree = "<group>"; };
		ABA0F328285F722D006AF604 /* TODO.swift */ = {isa = PBXFileReference; lastKnownFileType = sourcecode.swift; path = TODO.swift; sourceTree = "<group>"; };
		ABA0F32A285F7366006AF604 /* SelectedButton.swift */ = {isa = PBXFileReference; lastKnownFileType = sourcecode.swift; path = SelectedButton.swift; sourceTree = "<group>"; };
		ABA0F32C285F75CE006AF604 /* MockData.swift */ = {isa = PBXFileReference; lastKnownFileType = sourcecode.swift; path = MockData.swift; sourceTree = "<group>"; };
		ABA0F32E285F7976006AF604 /* GoogleService-Info.plist */ = {isa = PBXFileReference; fileEncoding = 4; lastKnownFileType = text.plist.xml; path = "GoogleService-Info.plist"; sourceTree = "<group>"; };
		ABC8E9B3285F6C890085BCAF /* Constants.swift */ = {isa = PBXFileReference; lastKnownFileType = sourcecode.swift; path = Constants.swift; sourceTree = "<group>"; };
		ABC8E9B6285F6DB00085BCAF /* AppUser.swift */ = {isa = PBXFileReference; lastKnownFileType = sourcecode.swift; path = AppUser.swift; sourceTree = "<group>"; };
		ABD819DD285E178E0075F5EF /* UserTextField.swift */ = {isa = PBXFileReference; lastKnownFileType = sourcecode.swift; path = UserTextField.swift; sourceTree = "<group>"; };
/* End PBXFileReference section */

/* Begin PBXFrameworksBuildPhase section */
		AB86E834285B62C10016D165 /* Frameworks */ = {
			isa = PBXFrameworksBuildPhase;
			buildActionMask = 2147483647;
			files = (
				ABA0F325285F6F5C006AF604 /* FirebaseFunctions in Frameworks */,
				ABA0F31F285F6F5C006AF604 /* FirebaseDatabaseSwift in Frameworks */,
				ABA0F31D285F6F5C006AF604 /* FirebaseDatabase in Frameworks */,
				ABC8E9AB285F64A80085BCAF /* FirebaseDatabase in Frameworks */,
				ABC8E9AF285F64A80085BCAF /* FirebaseFunctions in Frameworks */,
				ABC8E9A5285F64A80085BCAF /* FirebaseAnalyticsSwift in Frameworks */,
				ABC8E9A9285F64A80085BCAF /* FirebaseCrashlytics in Frameworks */,
				ABA0F317285F6F5C006AF604 /* FirebaseAnalyticsSwift in Frameworks */,
				ABA0F323285F6F5C006AF604 /* FirebaseFirestoreSwift in Frameworks */,
				ABC8E9A7285F64A80085BCAF /* FirebaseAuth in Frameworks */,
				ABA0F321285F6F5C006AF604 /* FirebaseFirestore in Frameworks */,
				ABA0F327285F6F5C006AF604 /* FirebaseStorage in Frameworks */,
				ABC8E9B1285F64A80085BCAF /* FirebaseStorage in Frameworks */,
				ABA0F319285F6F5C006AF604 /* FirebaseAuth in Frameworks */,
				ABC8E9A3285F64A80085BCAF /* FirebaseAnalytics in Frameworks */,
				ABA0F31B285F6F5C006AF604 /* FirebaseCrashlytics in Frameworks */,
				ABC8E9AD285F64A80085BCAF /* FirebaseFirestore in Frameworks */,
				ABA0F315285F6F5C006AF604 /* FirebaseAnalytics in Frameworks */,
			);
			runOnlyForDeploymentPostprocessing = 0;
		};
/* End PBXFrameworksBuildPhase section */

/* Begin PBXGroup section */
		AB86E82E285B62C10016D165 = {
			isa = PBXGroup;
			children = (
				ABA0F32E285F7976006AF604 /* GoogleService-Info.plist */,
				AB86E839285B62C10016D165 /* Tasker */,
				AB86E838285B62C10016D165 /* Products */,
			);
			sourceTree = "<group>";
		};
		AB86E838285B62C10016D165 /* Products */ = {
			isa = PBXGroup;
			children = (
				AB86E837285B62C10016D165 /* Tasker.app */,
			);
			name = Products;
			sourceTree = "<group>";
		};
		AB86E839285B62C10016D165 /* Tasker */ = {
			isa = PBXGroup;
			children = (
				AB86E83A285B62C10016D165 /* TaskerApp.swift */,
				AB86E83C285B62C10016D165 /* ContentView.swift */,
				ABC8E9B2285F6C690085BCAF /* Utils */,
				AB86E84A285B77BC0016D165 /* Model */,
				AB86E848285B77AF0016D165 /* View */,
				AB86E849285B77B60016D165 /* ViewModel */,
				AB86E83E285B62C20016D165 /* Assets.xcassets */,
				AB86E840285B62C20016D165 /* Preview Content */,
			);
			path = Tasker;
			sourceTree = "<group>";
		};
		AB86E840285B62C20016D165 /* Preview Content */ = {
			isa = PBXGroup;
			children = (
				AB86E841285B62C20016D165 /* Preview Assets.xcassets */,
			);
			path = "Preview Content";
			sourceTree = "<group>";
		};
		AB86E848285B77AF0016D165 /* View */ = {
			isa = PBXGroup;
			children = (
				AB86E84E285B79770016D165 /* Auth */,
				AB86E84D285B795A0016D165 /* Component */,
			);
			path = View;
			sourceTree = "<group>";
		};
		AB86E849285B77B60016D165 /* ViewModel */ = {
			isa = PBXGroup;
			children = (
			);
			path = ViewModel;
			sourceTree = "<group>";
		};
		AB86E84A285B77BC0016D165 /* Model */ = {
			isa = PBXGroup;
			children = (
				ABC8E9B6285F6DB00085BCAF /* AppUser.swift */,
				ABA0F328285F722D006AF604 /* TODO.swift */,
				ABA0F32A285F7366006AF604 /* SelectedButton.swift */,
				ABA0F32C285F75CE006AF604 /* MockData.swift */,
			);
			path = Model;
			sourceTree = "<group>";
		};
		AB86E84D285B795A0016D165 /* Component */ = {
			isa = PBXGroup;
			children = (
				AB86E858285B879E0016D165 /* TextFields */,
				AB86E852285B7A9B0016D165 /* BackgroundGradientView.swift */,
				AB86E854285B7CB40016D165 /* LogoView.swift */,
				AB6701E6285B91F200892057 /* AuthenticateButtonView.swift */,
			);
			path = Component;
			sourceTree = "<group>";
		};
		AB86E84E285B79770016D165 /* Auth */ = {
			isa = PBXGroup;
			children = (
				AB86E84B285B78C40016D165 /* LoginView.swift */,
				AB86E84F285B79AB0016D165 /* SignupView.swift */,
			);
			path = Auth;
			sourceTree = "<group>";
		};
		AB86E858285B879E0016D165 /* TextFields */ = {
			isa = PBXGroup;
			children = (
				AB86E856285B834D0016D165 /* CustomTextField.swift */,
				AB86E859285B87C40016D165 /* EmailTextField.swift */,
				AB6701E2285B8B2D00892057 /* CustomSecureField.swift */,
				AB6701E4285B8C8200892057 /* PasswordSecureField.swift */,
				ABD819DD285E178E0075F5EF /* UserTextField.swift */,
			);
			path = TextFields;
			sourceTree = "<group>";
		};
		ABC8E9B2285F6C690085BCAF /* Utils */ = {
			isa = PBXGroup;
			children = (
				ABC8E9B3285F6C890085BCAF /* Constants.swift */,
			);
			path = Utils;
			sourceTree = "<group>";
		};
/* End PBXGroup section */

/* Begin PBXNativeTarget section */
		AB86E836285B62C10016D165 /* Tasker */ = {
			isa = PBXNativeTarget;
			buildConfigurationList = AB86E845285B62C20016D165 /* Build configuration list for PBXNativeTarget "Tasker" */;
			buildPhases = (
				AB86E833285B62C10016D165 /* Sources */,
				AB86E834285B62C10016D165 /* Frameworks */,
				AB86E835285B62C10016D165 /* Resources */,
			);
			buildRules = (
			);
			dependencies = (
			);
			name = Tasker;
			packageProductDependencies = (
				ABC8E9A2285F64A80085BCAF /* FirebaseAnalytics */,
				ABC8E9A4285F64A80085BCAF /* FirebaseAnalyticsSwift */,
				ABC8E9A6285F64A80085BCAF /* FirebaseAuth */,
				ABC8E9A8285F64A80085BCAF /* FirebaseCrashlytics */,
				ABC8E9AA285F64A80085BCAF /* FirebaseDatabase */,
				ABC8E9AC285F64A80085BCAF /* FirebaseFirestore */,
				ABC8E9AE285F64A80085BCAF /* FirebaseFunctions */,
				ABC8E9B0285F64A80085BCAF /* FirebaseStorage */,
				ABA0F314285F6F5C006AF604 /* FirebaseAnalytics */,
				ABA0F316285F6F5C006AF604 /* FirebaseAnalyticsSwift */,
				ABA0F318285F6F5C006AF604 /* FirebaseAuth */,
				ABA0F31A285F6F5C006AF604 /* FirebaseCrashlytics */,
				ABA0F31C285F6F5C006AF604 /* FirebaseDatabase */,
				ABA0F31E285F6F5C006AF604 /* FirebaseDatabaseSwift */,
				ABA0F320285F6F5C006AF604 /* FirebaseFirestore */,
				ABA0F322285F6F5C006AF604 /* FirebaseFirestoreSwift */,
				ABA0F324285F6F5C006AF604 /* FirebaseFunctions */,
				ABA0F326285F6F5C006AF604 /* FirebaseStorage */,
			);
			productName = Tasker;
			productReference = AB86E837285B62C10016D165 /* Tasker.app */;
			productType = "com.apple.product-type.application";
		};
/* End PBXNativeTarget section */

/* Begin PBXProject section */
		AB86E82F285B62C10016D165 /* Project object */ = {
			isa = PBXProject;
			attributes = {
				BuildIndependentTargetsInParallel = 1;
				LastSwiftUpdateCheck = 1340;
				LastUpgradeCheck = 1340;
				TargetAttributes = {
					AB86E836285B62C10016D165 = {
						CreatedOnToolsVersion = 13.4.1;
					};
				};
			};
			buildConfigurationList = AB86E832285B62C10016D165 /* Build configuration list for PBXProject "Tasker" */;
			compatibilityVersion = "Xcode 13.0";
			developmentRegion = en;
			hasScannedForEncodings = 0;
			knownRegions = (
				en,
				Base,
			);
			mainGroup = AB86E82E285B62C10016D165;
			packageReferences = (
				ABC8E9A1285F64A80085BCAF /* XCRemoteSwiftPackageReference "firebase-ios-sdk" */,
				ABA0F313285F6F5C006AF604 /* XCRemoteSwiftPackageReference "firebase-ios-sdk" */,
			);
			productRefGroup = AB86E838285B62C10016D165 /* Products */;
			projectDirPath = "";
			projectRoot = "";
			targets = (
				AB86E836285B62C10016D165 /* Tasker */,
			);
		};
/* End PBXProject section */

/* Begin PBXResourcesBuildPhase section */
		AB86E835285B62C10016D165 /* Resources */ = {
			isa = PBXResourcesBuildPhase;
			buildActionMask = 2147483647;
			files = (
				AB86E842285B62C20016D165 /* Preview Assets.xcassets in Resources */,
				AB86E83F285B62C20016D165 /* Assets.xcassets in Resources */,
				ABA0F32F285F7976006AF604 /* GoogleService-Info.plist in Resources */,
			);
			runOnlyForDeploymentPostprocessing = 0;
		};
/* End PBXResourcesBuildPhase section */

/* Begin PBXSourcesBuildPhase section */
		AB86E833285B62C10016D165 /* Sources */ = {
			isa = PBXSourcesBuildPhase;
			buildActionMask = 2147483647;
			files = (
				ABC8E9B7285F6DB00085BCAF /* AppUser.swift in Sources */,
				AB86E85A285B87C40016D165 /* EmailTextField.swift in Sources */,
				AB86E850285B79AB0016D165 /* SignupView.swift in Sources */,
				ABA0F32D285F75CE006AF604 /* MockData.swift in Sources */,
				ABD819DE285E178E0075F5EF /* UserTextField.swift in Sources */,
				ABA0F32B285F7366006AF604 /* SelectedButton.swift in Sources */,
				AB86E855285B7CB40016D165 /* LogoView.swift in Sources */,
				ABA0F329285F722D006AF604 /* TODO.swift in Sources */,
				AB86E84C285B78C40016D165 /* LoginView.swift in Sources */,
				AB6701E5285B8C8200892057 /* PasswordSecureField.swift in Sources */,
				AB86E83D285B62C10016D165 /* ContentView.swift in Sources */,
				ABC8E9B4285F6C890085BCAF /* Constants.swift in Sources */,
				AB6701E7285B91F200892057 /* AuthenticateButtonView.swift in Sources */,
				AB86E857285B834D0016D165 /* CustomTextField.swift in Sources */,
				AB86E853285B7A9B0016D165 /* BackgroundGradientView.swift in Sources */,
				AB6701E3285B8B2D00892057 /* CustomSecureField.swift in Sources */,
				AB86E83B285B62C10016D165 /* TaskerApp.swift in Sources */,
			);
			runOnlyForDeploymentPostprocessing = 0;
		};
/* End PBXSourcesBuildPhase section */

/* Begin XCBuildConfiguration section */
		AB86E843285B62C20016D165 /* Debug */ = {
			isa = XCBuildConfiguration;
			buildSettings = {
				ALWAYS_EMBED_SWIFT_STANDARD_LIBRARIES = YES;
				ALWAYS_SEARCH_USER_PATHS = NO;
				CLANG_ANALYZER_NONNULL = YES;
				CLANG_ANALYZER_NUMBER_OBJECT_CONVERSION = YES_AGGRESSIVE;
				CLANG_CXX_LANGUAGE_STANDARD = "gnu++17";
				CLANG_ENABLE_MODULES = YES;
				CLANG_ENABLE_OBJC_ARC = YES;
				CLANG_ENABLE_OBJC_WEAK = YES;
				CLANG_WARN_BLOCK_CAPTURE_AUTORELEASING = YES;
				CLANG_WARN_BOOL_CONVERSION = YES;
				CLANG_WARN_COMMA = YES;
				CLANG_WARN_CONSTANT_CONVERSION = YES;
				CLANG_WARN_DEPRECATED_OBJC_IMPLEMENTATIONS = YES;
				CLANG_WARN_DIRECT_OBJC_ISA_USAGE = YES_ERROR;
				CLANG_WARN_DOCUMENTATION_COMMENTS = YES;
				CLANG_WARN_EMPTY_BODY = YES;
				CLANG_WARN_ENUM_CONVERSION = YES;
				CLANG_WARN_INFINITE_RECURSION = YES;
				CLANG_WARN_INT_CONVERSION = YES;
				CLANG_WARN_NON_LITERAL_NULL_CONVERSION = YES;
				CLANG_WARN_OBJC_IMPLICIT_RETAIN_SELF = YES;
				CLANG_WARN_OBJC_LITERAL_CONVERSION = YES;
				CLANG_WARN_OBJC_ROOT_CLASS = YES_ERROR;
				CLANG_WARN_QUOTED_INCLUDE_IN_FRAMEWORK_HEADER = YES;
				CLANG_WARN_RANGE_LOOP_ANALYSIS = YES;
				CLANG_WARN_STRICT_PROTOTYPES = YES;
				CLANG_WARN_SUSPICIOUS_MOVE = YES;
				CLANG_WARN_UNGUARDED_AVAILABILITY = YES_AGGRESSIVE;
				CLANG_WARN_UNREACHABLE_CODE = YES;
				CLANG_WARN__DUPLICATE_METHOD_MATCH = YES;
				COPY_PHASE_STRIP = NO;
				DEBUG_INFORMATION_FORMAT = dwarf;
				ENABLE_STRICT_OBJC_MSGSEND = YES;
				ENABLE_TESTABILITY = YES;
				GCC_C_LANGUAGE_STANDARD = gnu11;
				GCC_DYNAMIC_NO_PIC = NO;
				GCC_NO_COMMON_BLOCKS = YES;
				GCC_OPTIMIZATION_LEVEL = 0;
				GCC_PREPROCESSOR_DEFINITIONS = (
					"DEBUG=1",
					"$(inherited)",
				);
				GCC_WARN_64_TO_32_BIT_CONVERSION = YES;
				GCC_WARN_ABOUT_RETURN_TYPE = YES_ERROR;
				GCC_WARN_UNDECLARED_SELECTOR = YES;
				GCC_WARN_UNINITIALIZED_AUTOS = YES_AGGRESSIVE;
				GCC_WARN_UNUSED_FUNCTION = YES;
				GCC_WARN_UNUSED_VARIABLE = YES;
				IPHONEOS_DEPLOYMENT_TARGET = 15.5;
				MTL_ENABLE_DEBUG_INFO = INCLUDE_SOURCE;
				MTL_FAST_MATH = YES;
				ONLY_ACTIVE_ARCH = YES;
				SDKROOT = iphoneos;
				SWIFT_ACTIVE_COMPILATION_CONDITIONS = DEBUG;
				SWIFT_OPTIMIZATION_LEVEL = "-Onone";
			};
			name = Debug;
		};
		AB86E844285B62C20016D165 /* Release */ = {
			isa = XCBuildConfiguration;
			buildSettings = {
				ALWAYS_EMBED_SWIFT_STANDARD_LIBRARIES = YES;
				ALWAYS_SEARCH_USER_PATHS = NO;
				CLANG_ANALYZER_NONNULL = YES;
				CLANG_ANALYZER_NUMBER_OBJECT_CONVERSION = YES_AGGRESSIVE;
				CLANG_CXX_LANGUAGE_STANDARD = "gnu++17";
				CLANG_ENABLE_MODULES = YES;
				CLANG_ENABLE_OBJC_ARC = YES;
				CLANG_ENABLE_OBJC_WEAK = YES;
				CLANG_WARN_BLOCK_CAPTURE_AUTORELEASING = YES;
				CLANG_WARN_BOOL_CONVERSION = YES;
				CLANG_WARN_COMMA = YES;
				CLANG_WARN_CONSTANT_CONVERSION = YES;
				CLANG_WARN_DEPRECATED_OBJC_IMPLEMENTATIONS = YES;
				CLANG_WARN_DIRECT_OBJC_ISA_USAGE = YES_ERROR;
				CLANG_WARN_DOCUMENTATION_COMMENTS = YES;
				CLANG_WARN_EMPTY_BODY = YES;
				CLANG_WARN_ENUM_CONVERSION = YES;
				CLANG_WARN_INFINITE_RECURSION = YES;
				CLANG_WARN_INT_CONVERSION = YES;
				CLANG_WARN_NON_LITERAL_NULL_CONVERSION = YES;
				CLANG_WARN_OBJC_IMPLICIT_RETAIN_SELF = YES;
				CLANG_WARN_OBJC_LITERAL_CONVERSION = YES;
				CLANG_WARN_OBJC_ROOT_CLASS = YES_ERROR;
				CLANG_WARN_QUOTED_INCLUDE_IN_FRAMEWORK_HEADER = YES;
				CLANG_WARN_RANGE_LOOP_ANALYSIS = YES;
				CLANG_WARN_STRICT_PROTOTYPES = YES;
				CLANG_WARN_SUSPICIOUS_MOVE = YES;
				CLANG_WARN_UNGUARDED_AVAILABILITY = YES_AGGRESSIVE;
				CLANG_WARN_UNREACHABLE_CODE = YES;
				CLANG_WARN__DUPLICATE_METHOD_MATCH = YES;
				COPY_PHASE_STRIP = NO;
				DEBUG_INFORMATION_FORMAT = "dwarf-with-dsym";
				ENABLE_NS_ASSERTIONS = NO;
				ENABLE_STRICT_OBJC_MSGSEND = YES;
				GCC_C_LANGUAGE_STANDARD = gnu11;
				GCC_NO_COMMON_BLOCKS = YES;
				GCC_WARN_64_TO_32_BIT_CONVERSION = YES;
				GCC_WARN_ABOUT_RETURN_TYPE = YES_ERROR;
				GCC_WARN_UNDECLARED_SELECTOR = YES;
				GCC_WARN_UNINITIALIZED_AUTOS = YES_AGGRESSIVE;
				GCC_WARN_UNUSED_FUNCTION = YES;
				GCC_WARN_UNUSED_VARIABLE = YES;
				IPHONEOS_DEPLOYMENT_TARGET = 15.5;
				MTL_ENABLE_DEBUG_INFO = NO;
				MTL_FAST_MATH = YES;
				ONLY_ACTIVE_ARCH = YES;
				SDKROOT = iphoneos;
				SWIFT_COMPILATION_MODE = wholemodule;
				SWIFT_OPTIMIZATION_LEVEL = "-O";
				VALIDATE_PRODUCT = YES;
			};
			name = Release;
		};
		AB86E846285B62C20016D165 /* Debug */ = {
			isa = XCBuildConfiguration;
			buildSettings = {
				ASSETCATALOG_COMPILER_APPICON_NAME = AppIcon;
				ASSETCATALOG_COMPILER_GLOBAL_ACCENT_COLOR_NAME = AccentColor;
				CODE_SIGN_STYLE = Automatic;
				CURRENT_PROJECT_VERSION = 1;
				DEVELOPMENT_ASSET_PATHS = "\"Tasker/Preview Content\"";
				DEVELOPMENT_TEAM = BZ9S44ZL2V;
				ENABLE_PREVIEWS = YES;
				GENERATE_INFOPLIST_FILE = YES;
				INFOPLIST_KEY_UIApplicationSceneManifest_Generation = YES;
				INFOPLIST_KEY_UIApplicationSupportsIndirectInputEvents = YES;
				INFOPLIST_KEY_UILaunchScreen_Generation = YES;
				INFOPLIST_KEY_UISupportedInterfaceOrientations = UIInterfaceOrientationPortrait;
				INFOPLIST_KEY_UISupportedInterfaceOrientations_iPad = "UIInterfaceOrientationPortrait UIInterfaceOrientationPortraitUpsideDown UIInterfaceOrientationLandscapeLeft UIInterfaceOrientationLandscapeRight";
				INFOPLIST_KEY_UISupportedInterfaceOrientations_iPhone = "UIInterfaceOrientationPortrait UIInterfaceOrientationLandscapeLeft UIInterfaceOrientationLandscapeRight";
				LD_RUNPATH_SEARCH_PATHS = (
					"$(inherited)",
					"@executable_path/Frameworks",
				);
				MARKETING_VERSION = 1.0;
				PRODUCT_BUNDLE_IDENTIFIER = com.deka.Tasker;
				PRODUCT_NAME = "$(TARGET_NAME)";
				SWIFT_EMIT_LOC_STRINGS = YES;
				SWIFT_VERSION = 5.0;
				TARGETED_DEVICE_FAMILY = "1,2";
			};
			name = Debug;
		};
		AB86E847285B62C20016D165 /* Release */ = {
			isa = XCBuildConfiguration;
			buildSettings = {
				ASSETCATALOG_COMPILER_APPICON_NAME = AppIcon;
				ASSETCATALOG_COMPILER_GLOBAL_ACCENT_COLOR_NAME = AccentColor;
				CODE_SIGN_STYLE = Automatic;
				CURRENT_PROJECT_VERSION = 1;
				DEVELOPMENT_ASSET_PATHS = "\"Tasker/Preview Content\"";
				DEVELOPMENT_TEAM = BZ9S44ZL2V;
				ENABLE_PREVIEWS = YES;
				GENERATE_INFOPLIST_FILE = YES;
				INFOPLIST_KEY_UIApplicationSceneManifest_Generation = YES;
				INFOPLIST_KEY_UIApplicationSupportsIndirectInputEvents = YES;
				INFOPLIST_KEY_UILaunchScreen_Generation = YES;
				INFOPLIST_KEY_UISupportedInterfaceOrientations = UIInterfaceOrientationPortrait;
				INFOPLIST_KEY_UISupportedInterfaceOrientations_iPad = "UIInterfaceOrientationPortrait UIInterfaceOrientationPortraitUpsideDown UIInterfaceOrientationLandscapeLeft UIInterfaceOrientationLandscapeRight";
				INFOPLIST_KEY_UISupportedInterfaceOrientations_iPhone = "UIInterfaceOrientationPortrait UIInterfaceOrientationLandscapeLeft UIInterfaceOrientationLandscapeRight";
				LD_RUNPATH_SEARCH_PATHS = (
					"$(inherited)",
					"@executable_path/Frameworks",
				);
				MARKETING_VERSION = 1.0;
				PRODUCT_BUNDLE_IDENTIFIER = com.deka.Tasker;
				PRODUCT_NAME = "$(TARGET_NAME)";
				SWIFT_EMIT_LOC_STRINGS = YES;
				SWIFT_VERSION = 5.0;
				TARGETED_DEVICE_FAMILY = "1,2";
			};
			name = Release;
		};
/* End XCBuildConfiguration section */

/* Begin XCConfigurationList section */
		AB86E832285B62C10016D165 /* Build configuration list for PBXProject "Tasker" */ = {
			isa = XCConfigurationList;
			buildConfigurations = (
				AB86E843285B62C20016D165 /* Debug */,
				AB86E844285B62C20016D165 /* Release */,
			);
			defaultConfigurationIsVisible = 0;
			defaultConfigurationName = Release;
		};
		AB86E845285B62C20016D165 /* Build configuration list for PBXNativeTarget "Tasker" */ = {
			isa = XCConfigurationList;
			buildConfigurations = (
				AB86E846285B62C20016D165 /* Debug */,
				AB86E847285B62C20016D165 /* Release */,
			);
			defaultConfigurationIsVisible = 0;
			defaultConfigurationName = Release;
		};
/* End XCConfigurationList section */

/* Begin XCRemoteSwiftPackageReference section */
		ABA0F313285F6F5C006AF604 /* XCRemoteSwiftPackageReference "firebase-ios-sdk" */ = {
			isa = XCRemoteSwiftPackageReference;
			repositoryURL = "https://github.com/firebase/firebase-ios-sdk";
			requirement = {
				branch = master;
				kind = branch;
			};
		};
		ABC8E9A1285F64A80085BCAF /* XCRemoteSwiftPackageReference "firebase-ios-sdk" */ = {
			isa = XCRemoteSwiftPackageReference;
			repositoryURL = "https://github.com/firebase/firebase-ios-sdk";
			requirement = {
				branch = master;
				kind = branch;
			};
		};
/* End XCRemoteSwiftPackageReference section */

/* Begin XCSwiftPackageProductDependency section */
		ABA0F314285F6F5C006AF604 /* FirebaseAnalytics */ = {
			isa = XCSwiftPackageProductDependency;
			package = ABC8E9A1285F64A80085BCAF /* XCRemoteSwiftPackageReference "firebase-ios-sdk" */;
			productName = FirebaseAnalytics;
		};
		ABA0F316285F6F5C006AF604 /* FirebaseAnalyticsSwift */ = {
			isa = XCSwiftPackageProductDependency;
			package = ABC8E9A1285F64A80085BCAF /* XCRemoteSwiftPackageReference "firebase-ios-sdk" */;
			productName = FirebaseAnalyticsSwift;
		};
		ABA0F318285F6F5C006AF604 /* FirebaseAuth */ = {
			isa = XCSwiftPackageProductDependency;
			package = ABC8E9A1285F64A80085BCAF /* XCRemoteSwiftPackageReference "firebase-ios-sdk" */;
			productName = FirebaseAuth;
		};
		ABA0F31A285F6F5C006AF604 /* FirebaseCrashlytics */ = {
			isa = XCSwiftPackageProductDependency;
			package = ABC8E9A1285F64A80085BCAF /* XCRemoteSwiftPackageReference "firebase-ios-sdk" */;
			productName = FirebaseCrashlytics;
		};
		ABA0F31C285F6F5C006AF604 /* FirebaseDatabase */ = {
			isa = XCSwiftPackageProductDependency;
			package = ABC8E9A1285F64A80085BCAF /* XCRemoteSwiftPackageReference "firebase-ios-sdk" */;
			productName = FirebaseDatabase;
		};
		ABA0F31E285F6F5C006AF604 /* FirebaseDatabaseSwift */ = {
			isa = XCSwiftPackageProductDependency;
			package = ABC8E9A1285F64A80085BCAF /* XCRemoteSwiftPackageReference "firebase-ios-sdk" */;
			productName = FirebaseDatabaseSwift;
		};
		ABA0F320285F6F5C006AF604 /* FirebaseFirestore */ = {
			isa = XCSwiftPackageProductDependency;
			package = ABC8E9A1285F64A80085BCAF /* XCRemoteSwiftPackageReference "firebase-ios-sdk" */;
			productName = FirebaseFirestore;
		};
		ABA0F322285F6F5C006AF604 /* FirebaseFirestoreSwift */ = {
			isa = XCSwiftPackageProductDependency;
			package = ABC8E9A1285F64A80085BCAF /* XCRemoteSwiftPackageReference "firebase-ios-sdk" */;
			productName = FirebaseFirestoreSwift;
		};
		ABA0F324285F6F5C006AF604 /* FirebaseFunctions */ = {
			isa = XCSwiftPackageProductDependency;
			package = ABC8E9A1285F64A80085BCAF /* XCRemoteSwiftPackageReference "firebase-ios-sdk" */;
			productName = FirebaseFunctions;
		};
		ABA0F326285F6F5C006AF604 /* FirebaseStorage */ = {
			isa = XCSwiftPackageProductDependency;
			package = ABC8E9A1285F64A80085BCAF /* XCRemoteSwiftPackageReference "firebase-ios-sdk" */;
			productName = FirebaseStorage;
		};
		ABC8E9A2285F64A80085BCAF /* FirebaseAnalytics */ = {
			isa = XCSwiftPackageProductDependency;
			package = ABC8E9A1285F64A80085BCAF /* XCRemoteSwiftPackageReference "firebase-ios-sdk" */;
			productName = FirebaseAnalytics;
		};
		ABC8E9A4285F64A80085BCAF /* FirebaseAnalyticsSwift */ = {
			isa = XCSwiftPackageProductDependency;
			package = ABC8E9A1285F64A80085BCAF /* XCRemoteSwiftPackageReference "firebase-ios-sdk" */;
			productName = FirebaseAnalyticsSwift;
		};
		ABC8E9A6285F64A80085BCAF /* FirebaseAuth */ = {
			isa = XCSwiftPackageProductDependency;
			package = ABC8E9A1285F64A80085BCAF /* XCRemoteSwiftPackageReference "firebase-ios-sdk" */;
			productName = FirebaseAuth;
		};
		ABC8E9A8285F64A80085BCAF /* FirebaseCrashlytics */ = {
			isa = XCSwiftPackageProductDependency;
			package = ABC8E9A1285F64A80085BCAF /* XCRemoteSwiftPackageReference "firebase-ios-sdk" */;
			productName = FirebaseCrashlytics;
		};
		ABC8E9AA285F64A80085BCAF /* FirebaseDatabase */ = {
			isa = XCSwiftPackageProductDependency;
			package = ABC8E9A1285F64A80085BCAF /* XCRemoteSwiftPackageReference "firebase-ios-sdk" */;
			productName = FirebaseDatabase;
		};
		ABC8E9AC285F64A80085BCAF /* FirebaseFirestore */ = {
			isa = XCSwiftPackageProductDependency;
			package = ABC8E9A1285F64A80085BCAF /* XCRemoteSwiftPackageReference "firebase-ios-sdk" */;
			productName = FirebaseFirestore;
		};
		ABC8E9AE285F64A80085BCAF /* FirebaseFunctions */ = {
			isa = XCSwiftPackageProductDependency;
			package = ABC8E9A1285F64A80085BCAF /* XCRemoteSwiftPackageReference "firebase-ios-sdk" */;
			productName = FirebaseFunctions;
		};
		ABC8E9B0285F64A80085BCAF /* FirebaseStorage */ = {
			isa = XCSwiftPackageProductDependency;
			package = ABC8E9A1285F64A80085BCAF /* XCRemoteSwiftPackageReference "firebase-ios-sdk" */;
			productName = FirebaseStorage;
		};
/* End XCSwiftPackageProductDependency section */
	};
	rootObject = AB86E82F285B62C10016D165 /* Project object */;
}
